// !$*UTF8*$!
{
	archiveVersion = 1;
	classes = {
	};
	objectVersion = 46;
	objects = {

/* Begin PBXBuildFile section */
		71EDA50B1DF05241009AC399 /* AppDelegate.swift in Sources */ = {isa = PBXBuildFile; fileRef = 71EDA50A1DF05241009AC399 /* AppDelegate.swift */; };
		71EDA50D1DF05241009AC399 /* ViewController.swift in Sources */ = {isa = PBXBuildFile; fileRef = 71EDA50C1DF05241009AC399 /* ViewController.swift */; };
		71EDA5101DF05241009AC399 /* Main.storyboard in Resources */ = {isa = PBXBuildFile; fileRef = 71EDA50E1DF05241009AC399 /* Main.storyboard */; };
		71EDA5121DF05241009AC399 /* Assets.xcassets in Resources */ = {isa = PBXBuildFile; fileRef = 71EDA5111DF05241009AC399 /* Assets.xcassets */; };
		71EDA5151DF05241009AC399 /* LaunchScreen.storyboard in Resources */ = {isa = PBXBuildFile; fileRef = 71EDA5131DF05241009AC399 /* LaunchScreen.storyboard */; };
		71EDA5201DF05241009AC399 /* LawFirmTests.swift in Sources */ = {isa = PBXBuildFile; fileRef = 71EDA51F1DF05241009AC399 /* LawFirmTests.swift */; };
		71EDA52B1DF05241009AC399 /* LawFirmUITests.swift in Sources */ = {isa = PBXBuildFile; fileRef = 71EDA52A1DF05241009AC399 /* LawFirmUITests.swift */; };
/* End PBXBuildFile section */

/* Begin PBXContainerItemProxy section */
		71EDA51C1DF05241009AC399 /* PBXContainerItemProxy */ = {
			isa = PBXContainerItemProxy;
			containerPortal = 71EDA4FF1DF05240009AC399 /* Project object */;
			proxyType = 1;
			remoteGlobalIDString = 71EDA5061DF05240009AC399;
			remoteInfo = LawFirm;
		};
		71EDA5271DF05241009AC399 /* PBXContainerItemProxy */ = {
			isa = PBXContainerItemProxy;
			containerPortal = 71EDA4FF1DF05240009AC399 /* Project object */;
			proxyType = 1;
			remoteGlobalIDString = 71EDA5061DF05240009AC399;
			remoteInfo = LawFirm;
		};
/* End PBXContainerItemProxy section */

/* Begin PBXFileReference section */
		71EDA5071DF05241009AC399 /* LawFirm.app */ = {isa = PBXFileReference; explicitFileType = wrapper.application; includeInIndex = 0; path = LawFirm.app; sourceTree = BUILT_PRODUCTS_DIR; };
		71EDA50A1DF05241009AC399 /* AppDelegate.swift */ = {isa = PBXFileReference; lastKnownFileType = sourcecode.swift; path = AppDelegate.swift; sourceTree = "<group>"; };
		71EDA50C1DF05241009AC399 /* ViewController.swift */ = {isa = PBXFileReference; lastKnownFileType = sourcecode.swift; path = ViewController.swift; sourceTree = "<group>"; };
		71EDA50F1DF05241009AC399 /* Base */ = {isa = PBXFileReference; lastKnownFileType = file.storyboard; name = Base; path = Base.lproj/Main.storyboard; sourceTree = "<group>"; };
		71EDA5111DF05241009AC399 /* Assets.xcassets */ = {isa = PBXFileReference; lastKnownFileType = folder.assetcatalog; path = Assets.xcassets; sourceTree = "<group>"; };
		71EDA5141DF05241009AC399 /* Base */ = {isa = PBXFileReference; lastKnownFileType = file.storyboard; name = Base; path = Base.lproj/LaunchScreen.storyboard; sourceTree = "<group>"; };
		71EDA5161DF05241009AC399 /* Info.plist */ = {isa = PBXFileReference; lastKnownFileType = text.plist.xml; path = Info.plist; sourceTree = "<group>"; };
		71EDA51B1DF05241009AC399 /* LawFirmTests.xctest */ = {isa = PBXFileReference; explicitFileType = wrapper.cfbundle; includeInIndex = 0; path = LawFirmTests.xctest; sourceTree = BUILT_PRODUCTS_DIR; };
		71EDA51F1DF05241009AC399 /* LawFirmTests.swift */ = {isa = PBXFileReference; lastKnownFileType = sourcecode.swift; path = LawFirmTests.swift; sourceTree = "<group>"; };
		71EDA5211DF05241009AC399 /* Info.plist */ = {isa = PBXFileReference; lastKnownFileType = text.plist.xml; path = Info.plist; sourceTree = "<group>"; };
		71EDA5261DF05241009AC399 /* LawFirmUITests.xctest */ = {isa = PBXFileReference; explicitFileType = wrapper.cfbundle; includeInIndex = 0; path = LawFirmUITests.xctest; sourceTree = BUILT_PRODUCTS_DIR; };
		71EDA52A1DF05241009AC399 /* LawFirmUITests.swift */ = {isa = PBXFileReference; lastKnownFileType = sourcecode.swift; path = LawFirmUITests.swift; sourceTree = "<group>"; };
		71EDA52C1DF05241009AC399 /* Info.plist */ = {isa = PBXFileReference; lastKnownFileType = text.plist.xml; path = Info.plist; sourceTree = "<group>"; };
/* End PBXFileReference section */

/* Begin PBXFrameworksBuildPhase section */
		71EDA5041DF05240009AC399 /* Frameworks */ = {
			isa = PBXFrameworksBuildPhase;
			buildActionMask = 2147483647;
			files = (
			);
			runOnlyForDeploymentPostprocessing = 0;
		};
		71EDA5181DF05241009AC399 /* Frameworks */ = {
			isa = PBXFrameworksBuildPhase;
			buildActionMask = 2147483647;
			files = (
			);
			runOnlyForDeploymentPostprocessing = 0;
		};
		71EDA5231DF05241009AC399 /* Frameworks */ = {
			isa = PBXFrameworksBuildPhase;
			buildActionMask = 2147483647;
			files = (
			);
			runOnlyForDeploymentPostprocessing = 0;
		};
/* End PBXFrameworksBuildPhase section */

/* Begin PBXGroup section */
		71EDA4FE1DF05240009AC399 = {
			isa = PBXGroup;
			children = (
				71EDA5091DF05241009AC399 /* LawFirm */,
				71EDA51E1DF05241009AC399 /* LawFirmTests */,
				71EDA5291DF05241009AC399 /* LawFirmUITests */,
				71EDA5081DF05241009AC399 /* Products */,
			);
			sourceTree = "<group>";
		};
		71EDA5081DF05241009AC399 /* Products */ = {
			isa = PBXGroup;
			children = (
				71EDA5071DF05241009AC399 /* LawFirm.app */,
				71EDA51B1DF05241009AC399 /* LawFirmTests.xctest */,
				71EDA5261DF05241009AC399 /* LawFirmUITests.xctest */,
			);
			name = Products;
			sourceTree = "<group>";
		};
		71EDA5091DF05241009AC399 /* LawFirm */ = {
			isa = PBXGroup;
			children = (
				71EDA50A1DF05241009AC399 /* AppDelegate.swift */,
				71EDA50C1DF05241009AC399 /* ViewController.swift */,
				71EDA50E1DF05241009AC399 /* Main.storyboard */,
				71EDA5111DF05241009AC399 /* Assets.xcassets */,
				71EDA5131DF05241009AC399 /* LaunchScreen.storyboard */,
				71EDA5161DF05241009AC399 /* Info.plist */,
			);
			path = LawFirm;
			sourceTree = "<group>";
		};
		71EDA51E1DF05241009AC399 /* LawFirmTests */ = {
			isa = PBXGroup;
			children = (
				71EDA51F1DF05241009AC399 /* LawFirmTests.swift */,
				71EDA5211DF05241009AC399 /* Info.plist */,
			);
			path = LawFirmTests;
			sourceTree = "<group>";
		};
		71EDA5291DF05241009AC399 /* LawFirmUITests */ = {
			isa = PBXGroup;
			children = (
				71EDA52A1DF05241009AC399 /* LawFirmUITests.swift */,
				71EDA52C1DF05241009AC399 /* Info.plist */,
			);
			path = LawFirmUITests;
			sourceTree = "<group>";
		};
/* End PBXGroup section */

/* Begin PBXNativeTarget section */
		71EDA5061DF05240009AC399 /* LawFirm */ = {
			isa = PBXNativeTarget;
			buildConfigurationList = 71EDA52F1DF05241009AC399 /* Build configuration list for PBXNativeTarget "LawFirm" */;
			buildPhases = (
				71EDA5031DF05240009AC399 /* Sources */,
				71EDA5041DF05240009AC399 /* Frameworks */,
				71EDA5051DF05240009AC399 /* Resources */,
			);
			buildRules = (
			);
			dependencies = (
			);
			name = LawFirm;
			productName = LawFirm;
			productReference = 71EDA5071DF05241009AC399 /* LawFirm.app */;
			productType = "com.apple.product-type.application";
		};
		71EDA51A1DF05241009AC399 /* LawFirmTests */ = {
			isa = PBXNativeTarget;
			buildConfigurationList = 71EDA5321DF05241009AC399 /* Build configuration list for PBXNativeTarget "LawFirmTests" */;
			buildPhases = (
				71EDA5171DF05241009AC399 /* Sources */,
				71EDA5181DF05241009AC399 /* Frameworks */,
				71EDA5191DF05241009AC399 /* Resources */,
			);
			buildRules = (
			);
			dependencies = (
				71EDA51D1DF05241009AC399 /* PBXTargetDependency */,
			);
			name = LawFirmTests;
			productName = LawFirmTests;
			productReference = 71EDA51B1DF05241009AC399 /* LawFirmTests.xctest */;
			productType = "com.apple.product-type.bundle.unit-test";
		};
		71EDA5251DF05241009AC399 /* LawFirmUITests */ = {
			isa = PBXNativeTarget;
			buildConfigurationList = 71EDA5351DF05241009AC399 /* Build configuration list for PBXNativeTarget "LawFirmUITests" */;
			buildPhases = (
				71EDA5221DF05241009AC399 /* Sources */,
				71EDA5231DF05241009AC399 /* Frameworks */,
				71EDA5241DF05241009AC399 /* Resources */,
			);
			buildRules = (
			);
			dependencies = (
				71EDA5281DF05241009AC399 /* PBXTargetDependency */,
			);
			name = LawFirmUITests;
			productName = LawFirmUITests;
			productReference = 71EDA5261DF05241009AC399 /* LawFirmUITests.xctest */;
			productType = "com.apple.product-type.bundle.ui-testing";
		};
/* End PBXNativeTarget section */

/* Begin PBXProject section */
		71EDA4FF1DF05240009AC399 /* Project object */ = {
			isa = PBXProject;
			attributes = {
				LastSwiftUpdateCheck = 0810;
				LastUpgradeCheck = 0810;
				ORGANIZATIONNAME = Ray;
				TargetAttributes = {
					71EDA5061DF05240009AC399 = {
						CreatedOnToolsVersion = 8.1;
						DevelopmentTeam = 4AT3XX2QKF;
						ProvisioningStyle = Automatic;
					};
					71EDA51A1DF05241009AC399 = {
						CreatedOnToolsVersion = 8.1;
						DevelopmentTeam = PPC767LG62;
						ProvisioningStyle = Automatic;
						TestTargetID = 71EDA5061DF05240009AC399;
					};
					71EDA5251DF05241009AC399 = {
						CreatedOnToolsVersion = 8.1;
						DevelopmentTeam = PPC767LG62;
						ProvisioningStyle = Automatic;
						TestTargetID = 71EDA5061DF05240009AC399;
					};
				};
			};
			buildConfigurationList = 71EDA5021DF05240009AC399 /* Build configuration list for PBXProject "LawFirm" */;
			compatibilityVersion = "Xcode 3.2";
			developmentRegion = English;
			hasScannedForEncodings = 0;
			knownRegions = (
				en,
				Base,
			);
			mainGroup = 71EDA4FE1DF05240009AC399;
			productRefGroup = 71EDA5081DF05241009AC399 /* Products */;
			projectDirPath = "";
			projectRoot = "";
			targets = (
				71EDA5061DF05240009AC399 /* LawFirm */,
				71EDA51A1DF05241009AC399 /* LawFirmTests */,
				71EDA5251DF05241009AC399 /* LawFirmUITests */,
			);
		};
/* End PBXProject section */

/* Begin PBXResourcesBuildPhase section */
		71EDA5051DF05240009AC399 /* Resources */ = {
			isa = PBXResourcesBuildPhase;
			buildActionMask = 2147483647;
			files = (
				71EDA5151DF05241009AC399 /* LaunchScreen.storyboard in Resources */,
				71EDA5121DF05241009AC399 /* Assets.xcassets in Resources */,
				71EDA5101DF05241009AC399 /* Main.storyboard in Resources */,
			);
			runOnlyForDeploymentPostprocessing = 0;
		};
		71EDA5191DF05241009AC399 /* Resources */ = {
			isa = PBXResourcesBuildPhase;
			buildActionMask = 2147483647;
			files = (
			);
			runOnlyForDeploymentPostprocessing = 0;
		};
		71EDA5241DF05241009AC399 /* Resources */ = {
			isa = PBXResourcesBuildPhase;
			buildActionMask = 2147483647;
			files = (
			);
			runOnlyForDeploymentPostprocessing = 0;
		};
/* End PBXResourcesBuildPhase section */

/* Begin PBXSourcesBuildPhase section */
		71EDA5031DF05240009AC399 /* Sources */ = {
			isa = PBXSourcesBuildPhase;
			buildActionMask = 2147483647;
			files = (
				71EDA50D1DF05241009AC399 /* ViewController.swift in Sources */,
				71EDA50B1DF05241009AC399 /* AppDelegate.swift in Sources */,
			);
			runOnlyForDeploymentPostprocessing = 0;
		};
		71EDA5171DF05241009AC399 /* Sources */ = {
			isa = PBXSourcesBuildPhase;
			buildActionMask = 2147483647;
			files = (
				71EDA5201DF05241009AC399 /* LawFirmTests.swift in Sources */,
			);
			runOnlyForDeploymentPostprocessing = 0;
		};
		71EDA5221DF05241009AC399 /* Sources */ = {
			isa = PBXSourcesBuildPhase;
			buildActionMask = 2147483647;
			files = (
				71EDA52B1DF05241009AC399 /* LawFirmUITests.swift in Sources */,
			);
			runOnlyForDeploymentPostprocessing = 0;
		};
/* End PBXSourcesBuildPhase section */

/* Begin PBXTargetDependency section */
		71EDA51D1DF05241009AC399 /* PBXTargetDependency */ = {
			isa = PBXTargetDependency;
			target = 71EDA5061DF05240009AC399 /* LawFirm */;
			targetProxy = 71EDA51C1DF05241009AC399 /* PBXContainerItemProxy */;
		};
		71EDA5281DF05241009AC399 /* PBXTargetDependency */ = {
			isa = PBXTargetDependency;
			target = 71EDA5061DF05240009AC399 /* LawFirm */;
			targetProxy = 71EDA5271DF05241009AC399 /* PBXContainerItemProxy */;
		};
/* End PBXTargetDependency section */

/* Begin PBXVariantGroup section */
		71EDA50E1DF05241009AC399 /* Main.storyboard */ = {
			isa = PBXVariantGroup;
			children = (
				71EDA50F1DF05241009AC399 /* Base */,
			);
			name = Main.storyboard;
			sourceTree = "<group>";
		};
		71EDA5131DF05241009AC399 /* LaunchScreen.storyboard */ = {
			isa = PBXVariantGroup;
			children = (
				71EDA5141DF05241009AC399 /* Base */,
			);
			name = LaunchScreen.storyboard;
			sourceTree = "<group>";
		};
/* End PBXVariantGroup section */

/* Begin XCBuildConfiguration section */
		71EDA52D1DF05241009AC399 /* Debug */ = {
			isa = XCBuildConfiguration;
			buildSettings = {
				ALWAYS_SEARCH_USER_PATHS = NO;
				CLANG_ANALYZER_NONNULL = YES;
				CLANG_CXX_LANGUAGE_STANDARD = "gnu++0x";
				CLANG_CXX_LIBRARY = "libc++";
				CLANG_ENABLE_MODULES = YES;
				CLANG_ENABLE_OBJC_ARC = YES;
				CLANG_WARN_BOOL_CONVERSION = YES;
				CLANG_WARN_CONSTANT_CONVERSION = YES;
				CLANG_WARN_DIRECT_OBJC_ISA_USAGE = YES_ERROR;
				CLANG_WARN_DOCUMENTATION_COMMENTS = YES;
				CLANG_WARN_EMPTY_BODY = YES;
				CLANG_WARN_ENUM_CONVERSION = YES;
				CLANG_WARN_INFINITE_RECURSION = YES;
				CLANG_WARN_INT_CONVERSION = YES;
				CLANG_WARN_OBJC_ROOT_CLASS = YES_ERROR;
				CLANG_WARN_SUSPICIOUS_MOVES = YES;
				CLANG_WARN_UNREACHABLE_CODE = YES;
				CLANG_WARN__DUPLICATE_METHOD_MATCH = YES;
				"CODE_SIGN_IDENTITY[sdk=iphoneos*]" = "iPhone Developer";
				COPY_PHASE_STRIP = NO;
				DEBUG_INFORMATION_FORMAT = dwarf;
				ENABLE_STRICT_OBJC_MSGSEND = YES;
				ENABLE_TESTABILITY = YES;
				GCC_C_LANGUAGE_STANDARD = gnu99;
				GCC_DYNAMIC_NO_PIC = NO;
				GCC_NO_COMMON_BLOCKS = YES;
				GCC_OPTIMIZATION_LEVEL = 0;
				GCC_PREPROCESSOR_DEFINITIONS = (
					"DEBUG=1",
					"$(inherited)",
				);
				GCC_WARN_64_TO_32_BIT_CONVERSION = YES;
				GCC_WARN_ABOUT_RETURN_TYPE = YES_ERROR;
				GCC_WARN_UNDECLARED_SELECTOR = YES;
				GCC_WARN_UNINITIALIZED_AUTOS = YES_AGGRESSIVE;
				GCC_WARN_UNUSED_FUNCTION = YES;
				GCC_WARN_UNUSED_VARIABLE = YES;
				IPHONEOS_DEPLOYMENT_TARGET = 10.1;
				MTL_ENABLE_DEBUG_INFO = YES;
				ONLY_ACTIVE_ARCH = YES;
				SDKROOT = iphoneos;
				SWIFT_ACTIVE_COMPILATION_CONDITIONS = DEBUG;
				SWIFT_OPTIMIZATION_LEVEL = "-Onone";
			};
			name = Debug;
		};
		71EDA52E1DF05241009AC399 /* Release */ = {
			isa = XCBuildConfiguration;
			buildSettings = {
				ALWAYS_SEARCH_USER_PATHS = NO;
				CLANG_ANALYZER_NONNULL = YES;
				CLANG_CXX_LANGUAGE_STANDARD = "gnu++0x";
				CLANG_CXX_LIBRARY = "libc++";
				CLANG_ENABLE_MODULES = YES;
				CLANG_ENABLE_OBJC_ARC = YES;
				CLANG_WARN_BOOL_CONVERSION = YES;
				CLANG_WARN_CONSTANT_CONVERSION = YES;
				CLANG_WARN_DIRECT_OBJC_ISA_USAGE = YES_ERROR;
				CLANG_WARN_DOCUMENTATION_COMMENTS = YES;
				CLANG_WARN_EMPTY_BODY = YES;
				CLANG_WARN_ENUM_CONVERSION = YES;
				CLANG_WARN_INFINITE_RECURSION = YES;
				CLANG_WARN_INT_CONVERSION = YES;
				CLANG_WARN_OBJC_ROOT_CLASS = YES_ERROR;
				CLANG_WARN_SUSPICIOUS_MOVES = YES;
				CLANG_WARN_UNREACHABLE_CODE = YES;
				CLANG_WARN__DUPLICATE_METHOD_MATCH = YES;
				"CODE_SIGN_IDENTITY[sdk=iphoneos*]" = "iPhone Developer";
				COPY_PHASE_STRIP = NO;
				DEBUG_INFORMATION_FORMAT = "dwarf-with-dsym";
				ENABLE_NS_ASSERTIONS = NO;
				ENABLE_STRICT_OBJC_MSGSEND = YES;
				GCC_C_LANGUAGE_STANDARD = gnu99;
				GCC_NO_COMMON_BLOCKS = YES;
				GCC_WARN_64_TO_32_BIT_CONVERSION = YES;
				GCC_WARN_ABOUT_RETURN_TYPE = YES_ERROR;
				GCC_WARN_UNDECLARED_SELECTOR = YES;
				GCC_WARN_UNINITIALIZED_AUTOS = YES_AGGRESSIVE;
				GCC_WARN_UNUSED_FUNCTION = YES;
				GCC_WARN_UNUSED_VARIABLE = YES;
				IPHONEOS_DEPLOYMENT_TARGET = 10.1;
				MTL_ENABLE_DEBUG_INFO = NO;
				SDKROOT = iphoneos;
				SWIFT_OPTIMIZATION_LEVEL = "-Owholemodule";
				VALIDATE_PRODUCT = YES;
			};
			name = Release;
		};
		71EDA5301DF05241009AC399 /* Debug */ = {
			isa = XCBuildConfiguration;
			buildSettings = {
				ASSETCATALOG_COMPILER_APPICON_NAME = AppIcon;
				DEVELOPMENT_TEAM = 4AT3XX2QKF;
				INFOPLIST_FILE = LawFirm/Info.plist;
				LD_RUNPATH_SEARCH_PATHS = "$(inherited) @executable_path/Frameworks";
				PRODUCT_BUNDLE_IDENTIFIER = com.LawFirm.Ray.LawFirm;
				PRODUCT_NAME = "$(TARGET_NAME)";
				SWIFT_VERSION = 3.0;
			};
			name = Debug;
		};
		71EDA5311DF05241009AC399 /* Release */ = {
			isa = XCBuildConfiguration;
			buildSettings = {
				ASSETCATALOG_COMPILER_APPICON_NAME = AppIcon;
				DEVELOPMENT_TEAM = 4AT3XX2QKF;
				INFOPLIST_FILE = LawFirm/Info.plist;
				LD_RUNPATH_SEARCH_PATHS = "$(inherited) @executable_path/Frameworks";
				PRODUCT_BUNDLE_IDENTIFIER = com.LawFirm.Ray.LawFirm;
				PRODUCT_NAME = "$(TARGET_NAME)";
				SWIFT_VERSION = 3.0;
			};
			name = Release;
		};
		71EDA5331DF05241009AC399 /* Debug */ = {
			isa = XCBuildConfiguration;
			buildSettings = {
				ALWAYS_EMBED_SWIFT_STANDARD_LIBRARIES = YES;
				BUNDLE_LOADER = "$(TEST_HOST)";
				DEVELOPMENT_TEAM = PPC767LG62;
				INFOPLIST_FILE = LawFirmTests/Info.plist;
				LD_RUNPATH_SEARCH_PATHS = "$(inherited) @executable_path/Frameworks @loader_path/Frameworks";
				PRODUCT_BUNDLE_IDENTIFIER = com.LawFirm.Ray.LawFirmTests;
				PRODUCT_NAME = "$(TARGET_NAME)";
				SWIFT_VERSION = 3.0;
				TEST_HOST = "$(BUILT_PRODUCTS_DIR)/LawFirm.app/LawFirm";
			};
			name = Debug;
		};
		71EDA5341DF05241009AC399 /* Release */ = {
			isa = XCBuildConfiguration;
			buildSettings = {
				ALWAYS_EMBED_SWIFT_STANDARD_LIBRARIES = YES;
				BUNDLE_LOADER = "$(TEST_HOST)";
				DEVELOPMENT_TEAM = PPC767LG62;
				INFOPLIST_FILE = LawFirmTests/Info.plist;
				LD_RUNPATH_SEARCH_PATHS = "$(inherited) @executable_path/Frameworks @loader_path/Frameworks";
				PRODUCT_BUNDLE_IDENTIFIER = com.LawFirm.Ray.LawFirmTests;
				PRODUCT_NAME = "$(TARGET_NAME)";
				SWIFT_VERSION = 3.0;
				TEST_HOST = "$(BUILT_PRODUCTS_DIR)/LawFirm.app/LawFirm";
			};
			name = Release;
		};
		71EDA5361DF05241009AC399 /* Debug */ = {
			isa = XCBuildConfiguration;
			buildSettings = {
				ALWAYS_EMBED_SWIFT_STANDARD_LIBRARIES = YES;
				DEVELOPMENT_TEAM = PPC767LG62;
				INFOPLIST_FILE = LawFirmUITests/Info.plist;
				LD_RUNPATH_SEARCH_PATHS = "$(inherited) @executable_path/Frameworks @loader_path/Frameworks";
				PRODUCT_BUNDLE_IDENTIFIER = com.LawFirm.Ray.LawFirmUITests;
				PRODUCT_NAME = "$(TARGET_NAME)";
				SWIFT_VERSION = 3.0;
				TEST_TARGET_NAME = LawFirm;
			};
			name = Debug;
		};
		71EDA5371DF05241009AC399 /* Release */ = {
			isa = XCBuildConfiguration;
			buildSettings = {
				ALWAYS_EMBED_SWIFT_STANDARD_LIBRARIES = YES;
				DEVELOPMENT_TEAM = PPC767LG62;
				INFOPLIST_FILE = LawFirmUITests/Info.plist;
				LD_RUNPATH_SEARCH_PATHS = "$(inherited) @executable_path/Frameworks @loader_path/Frameworks";
				PRODUCT_BUNDLE_IDENTIFIER = com.LawFirm.Ray.LawFirmUITests;
				PRODUCT_NAME = "$(TARGET_NAME)";
				SWIFT_VERSION = 3.0;
				TEST_TARGET_NAME = LawFirm;
			};
			name = Release;
		};
/* End XCBuildConfiguration section */

/* Begin XCConfigurationList section */
		71EDA5021DF05240009AC399 /* Build configuration list for PBXProject "LawFirm" */ = {
			isa = XCConfigurationList;
			buildConfigurations = (
				71EDA52D1DF05241009AC399 /* Debug */,
				71EDA52E1DF05241009AC399 /* Release */,
			);
			defaultConfigurationIsVisible = 0;
			defaultConfigurationName = Release;
		};
		71EDA52F1DF05241009AC399 /* Build configuration list for PBXNativeTarget "LawFirm" */ = {
			isa = XCConfigurationList;
			buildConfigurations = (
				71EDA5301DF05241009AC399 /* Debug */,
				71EDA5311DF05241009AC399 /* Release */,
			);
			defaultConfigurationIsVisible = 0;
			defaultConfigurationName = Release;
		};
		71EDA5321DF05241009AC399 /* Build configuration list for PBXNativeTarget "LawFirmTests" */ = {
			isa = XCConfigurationList;
			buildConfigurations = (
				71EDA5331DF05241009AC399 /* Debug */,
				71EDA5341DF05241009AC399 /* Release */,
			);
			defaultConfigurationIsVisible = 0;
			defaultConfigurationName = Release;
		};
		71EDA5351DF05241009AC399 /* Build configuration list for PBXNativeTarget "LawFirmUITests" */ = {
			isa = XCConfigurationList;
			buildConfigurations = (
				71EDA5361DF05241009AC399 /* Debug */,
				71EDA5371DF05241009AC399 /* Release */,
			);
			defaultConfigurationIsVisible = 0;
			defaultConfigurationName = Release;
		};
/* End XCConfigurationList section */
	};
	rootObject = 71EDA4FF1DF05240009AC399 /* Project object */;
}
